{
    "_meta": {
        "hash": {
            "sha256": "5f0257fe8c7a73db1c8de519faa92c658282a01087eb2bfafba7962704c23e27"
        },
        "pipfile-spec": 6,
        "requires": {},
        "sources": [
            {
                "name": "pypi",
                "url": "https://pypi.python.org/simple",
                "verify_ssl": true
            }
        ]
    },
    "default": {
        "feedparser": {
            "hashes": [
                "sha256:183ddcf94b11648e710ef45ef8124386e315704a0247b073d375c7dd39b4cb7f",
                "sha256:51fed26e7b0cce3c6e931182641c8607e21853225a66a3462f20f8e6ec93c83b",
                "sha256:b7773afb41481add990539baeb0e441811ec48cb8c1b6c2911cabbe9c5d9d1d0"
            ],
            "index": "pypi",
            "version": "==5.1.2"
        }
    },
    "develop": {}
}
